
Microsoft Visual Studio Solution File, Format Version 12.00
# Visual Studio Version 16
VisualStudioVersion = 16.0.31019.35
MinimumVisualStudioVersion = 10.0.40219.1
Project("{FAE04EC0-301F-11D3-BF4B-00C04F79EFBC}") = "VisualToImage", "VisualToImage\VisualToImage.csproj", "{95F18370-54E7-47D9-AAC4-4EC99D576EA9}"
EndProject
Global
	GlobalSection(SolutionConfigurationPlatforms) = preSolution
		Debug|Any CPU = Debug|Any CPU
		Release|Any CPU = Release|Any CPU
	EndGlobalSection
	GlobalSection(ProjectConfigurationPlatforms) = postSolution
		{95F18370-54E7-47D9-AAC4-4EC99D576EA9}.Debug|Any CPU.ActiveCfg = Debug|Any CPU
		{95F18370-54E7-47D9-AAC4-4EC99D576EA9}.Debug|Any CPU.Build.0 = Debug|Any CPU
		{95F18370-54E7-47D9-AAC4-4EC99D576EA9}.Release|Any CPU.ActiveCfg = Release|Any CPU
		{95F18370-54E7-47D9-AAC4-4EC99D576EA9}.Release|Any CPU.Build.0 = Release|Any CPU
	EndGlobalSection
	GlobalSection(SolutionProperties) = preSolution
		HideSolutionNode = FALSE
	EndGlobalSection
	GlobalSection(ExtensibilityGlobals) = postSolution
		SolutionGuid = {842F9290-7C0C-4413-9731-7343663B2653}
	EndGlobalSection
EndGlobal
